// !$*UTF8*$!
{
	archiveVersion = 1;
	classes = {
	};
	objectVersion = 46;
	objects = {

/* Begin PBXBuildFile section */
		35FD6D1B1B1EAB99009C838C /* PollAccessoryView.xib in Resources */ = {isa = PBXBuildFile; fileRef = 35FD6D1A1B1EAB99009C838C /* PollAccessoryView.xib */; };
		35FD6D1D1B1EAC36009C838C /* PollAccessoryView.swift in Sources */ = {isa = PBXBuildFile; fileRef = 35FD6D1C1B1EAC36009C838C /* PollAccessoryView.swift */; };
		35FD6D1F1B21CCD1009C838C /* CreateQuestionViewController.swift in Sources */ = {isa = PBXBuildFile; fileRef = 35FD6D1E1B21CCD1009C838C /* CreateQuestionViewController.swift */; };
		35FD6D211B21D364009C838C /* Question.swift in Sources */ = {isa = PBXBuildFile; fileRef = 35FD6D201B21D364009C838C /* Question.swift */; };
		35FD6D231B21DA15009C838C /* QuestionTableViewCell.swift in Sources */ = {isa = PBXBuildFile; fileRef = 35FD6D221B21DA15009C838C /* QuestionTableViewCell.swift */; };
		35FD6D251B2267F5009C838C /* UserViewController.swift in Sources */ = {isa = PBXBuildFile; fileRef = 35FD6D241B2267F5009C838C /* UserViewController.swift */; };
		35FDD6FC1B1D281000AD937C /* CreateSurveyViewController.swift in Sources */ = {isa = PBXBuildFile; fileRef = 35FDD6FB1B1D281000AD937C /* CreateSurveyViewController.swift */; };
		50186E0D1AFF6400007B486D /* MainViewController.swift in Sources */ = {isa = PBXBuildFile; fileRef = 50186E0C1AFF6400007B486D /* MainViewController.swift */; };
		50186E0F1B023127007B486D /* MainTabBarViewController.swift in Sources */ = {isa = PBXBuildFile; fileRef = 50186E0E1B023127007B486D /* MainTabBarViewController.swift */; };
		50186E111B04B731007B486D /* MainPollsViewController.swift in Sources */ = {isa = PBXBuildFile; fileRef = 50186E101B04B731007B486D /* MainPollsViewController.swift */; };
		50186E131B04B8DD007B486D /* PollClient.swift in Sources */ = {isa = PBXBuildFile; fileRef = 50186E121B04B8DD007B486D /* PollClient.swift */; };
		50186E151B04D36E007B486D /* Poll.swift in Sources */ = {isa = PBXBuildFile; fileRef = 50186E141B04D36E007B486D /* Poll.swift */; };
		50186E171B04D52E007B486D /* PollCategory.swift in Sources */ = {isa = PBXBuildFile; fileRef = 50186E161B04D52E007B486D /* PollCategory.swift */; };
		50186E1A1B0A0FAA007B486D /* MainCellView.swift in Sources */ = {isa = PBXBuildFile; fileRef = 50186E191B0A0FAA007B486D /* MainCellView.swift */; };
		50186E1C1B0A10CD007B486D /* MainTableViewCell.swift in Sources */ = {isa = PBXBuildFile; fileRef = 50186E1B1B0A10CD007B486D /* MainTableViewCell.swift */; };
		503672EC1AEFA8E200ADA3D8 /* AppDelegate.swift in Sources */ = {isa = PBXBuildFile; fileRef = 503672EB1AEFA8E200ADA3D8 /* AppDelegate.swift */; };
		503672EE1AEFA8E200ADA3D8 /* ViewController.swift in Sources */ = {isa = PBXBuildFile; fileRef = 503672ED1AEFA8E200ADA3D8 /* ViewController.swift */; };
		503672F11AEFA8E200ADA3D8 /* Main.storyboard in Resources */ = {isa = PBXBuildFile; fileRef = 503672EF1AEFA8E200ADA3D8 /* Main.storyboard */; };
		503672F31AEFA8E300ADA3D8 /* Images.xcassets in Resources */ = {isa = PBXBuildFile; fileRef = 503672F21AEFA8E300ADA3D8 /* Images.xcassets */; };
		503672F61AEFA8E300ADA3D8 /* LaunchScreen.xib in Resources */ = {isa = PBXBuildFile; fileRef = 503672F41AEFA8E300ADA3D8 /* LaunchScreen.xib */; };
		503673021AEFA8E300ADA3D8 /* PollMobileTests.swift in Sources */ = {isa = PBXBuildFile; fileRef = 503673011AEFA8E300ADA3D8 /* PollMobileTests.swift */; };
		5036730E1AF0D88200ADA3D8 /* AccountClient.swift in Sources */ = {isa = PBXBuildFile; fileRef = 5036730D1AF0D88200ADA3D8 /* AccountClient.swift */; };
		503673101AF0D8B300ADA3D8 /* BaseRestClient.swift in Sources */ = {isa = PBXBuildFile; fileRef = 5036730F1AF0D8B300ADA3D8 /* BaseRestClient.swift */; };
		503673121AF0D9D500ADA3D8 /* ResponseEntity.swift in Sources */ = {isa = PBXBuildFile; fileRef = 503673111AF0D9D500ADA3D8 /* ResponseEntity.swift */; };
		503673151AF606CF00ADA3D8 /* BaseEntity.swift in Sources */ = {isa = PBXBuildFile; fileRef = 503673141AF606CF00ADA3D8 /* BaseEntity.swift */; };
		503673171AF6091F00ADA3D8 /* Account.swift in Sources */ = {isa = PBXBuildFile; fileRef = 503673161AF6091F00ADA3D8 /* Account.swift */; };
		F5C5F5942B771BBBA20B774E /* Pods.framework in Frameworks */ = {isa = PBXBuildFile; fileRef = 09E1A8E32E0A503F77032DD5 /* Pods.framework */; settings = {ATTRIBUTES = (Weak, ); }; };
/* End PBXBuildFile section */

/* Begin PBXContainerItemProxy section */
		503672FC1AEFA8E300ADA3D8 /* PBXContainerItemProxy */ = {
			isa = PBXContainerItemProxy;
			containerPortal = 503672DE1AEFA8E200ADA3D8 /* Project object */;
			proxyType = 1;
			remoteGlobalIDString = 503672E51AEFA8E200ADA3D8;
			remoteInfo = PollMobile;
		};
/* End PBXContainerItemProxy section */

/* Begin PBXFileReference section */
		09E1A8E32E0A503F77032DD5 /* Pods.framework */ = {isa = PBXFileReference; explicitFileType = wrapper.framework; includeInIndex = 0; path = Pods.framework; sourceTree = BUILT_PRODUCTS_DIR; };
		35FD6D1A1B1EAB99009C838C /* PollAccessoryView.xib */ = {isa = PBXFileReference; fileEncoding = 4; lastKnownFileType = file.xib; path = PollAccessoryView.xib; sourceTree = "<group>"; };
		35FD6D1C1B1EAC36009C838C /* PollAccessoryView.swift */ = {isa = PBXFileReference; fileEncoding = 4; lastKnownFileType = sourcecode.swift; path = PollAccessoryView.swift; sourceTree = "<group>"; };
		35FD6D1E1B21CCD1009C838C /* CreateQuestionViewController.swift */ = {isa = PBXFileReference; fileEncoding = 4; lastKnownFileType = sourcecode.swift; path = CreateQuestionViewController.swift; sourceTree = "<group>"; };
		35FD6D201B21D364009C838C /* Question.swift */ = {isa = PBXFileReference; fileEncoding = 4; lastKnownFileType = sourcecode.swift; path = Question.swift; sourceTree = "<group>"; };
		35FD6D221B21DA15009C838C /* QuestionTableViewCell.swift */ = {isa = PBXFileReference; fileEncoding = 4; lastKnownFileType = sourcecode.swift; path = QuestionTableViewCell.swift; sourceTree = "<group>"; };
		35FD6D241B2267F5009C838C /* UserViewController.swift */ = {isa = PBXFileReference; fileEncoding = 4; lastKnownFileType = sourcecode.swift; path = UserViewController.swift; sourceTree = "<group>"; };
		35FDD6FB1B1D281000AD937C /* CreateSurveyViewController.swift */ = {isa = PBXFileReference; fileEncoding = 4; lastKnownFileType = sourcecode.swift; path = CreateSurveyViewController.swift; sourceTree = "<group>"; };
		50186E0C1AFF6400007B486D /* MainViewController.swift */ = {isa = PBXFileReference; fileEncoding = 4; lastKnownFileType = sourcecode.swift; path = MainViewController.swift; sourceTree = "<group>"; };
		50186E0E1B023127007B486D /* MainTabBarViewController.swift */ = {isa = PBXFileReference; fileEncoding = 4; lastKnownFileType = sourcecode.swift; path = MainTabBarViewController.swift; sourceTree = "<group>"; };
		50186E101B04B731007B486D /* MainPollsViewController.swift */ = {isa = PBXFileReference; fileEncoding = 4; lastKnownFileType = sourcecode.swift; path = MainPollsViewController.swift; sourceTree = "<group>"; };
		50186E121B04B8DD007B486D /* PollClient.swift */ = {isa = PBXFileReference; fileEncoding = 4; lastKnownFileType = sourcecode.swift; path = PollClient.swift; sourceTree = "<group>"; };
		50186E141B04D36E007B486D /* Poll.swift */ = {isa = PBXFileReference; fileEncoding = 4; lastKnownFileType = sourcecode.swift; path = Poll.swift; sourceTree = "<group>"; };
		50186E161B04D52E007B486D /* PollCategory.swift */ = {isa = PBXFileReference; fileEncoding = 4; lastKnownFileType = sourcecode.swift; path = PollCategory.swift; sourceTree = "<group>"; };
		50186E191B0A0FAA007B486D /* MainCellView.swift */ = {isa = PBXFileReference; fileEncoding = 4; lastKnownFileType = sourcecode.swift; path = MainCellView.swift; sourceTree = "<group>"; };
		50186E1B1B0A10CD007B486D /* MainTableViewCell.swift */ = {isa = PBXFileReference; fileEncoding = 4; lastKnownFileType = sourcecode.swift; path = MainTableViewCell.swift; sourceTree = "<group>"; };
		503672E61AEFA8E200ADA3D8 /* PollMobile.app */ = {isa = PBXFileReference; explicitFileType = wrapper.application; includeInIndex = 0; path = PollMobile.app; sourceTree = BUILT_PRODUCTS_DIR; };
		503672EA1AEFA8E200ADA3D8 /* Info.plist */ = {isa = PBXFileReference; lastKnownFileType = text.plist.xml; path = Info.plist; sourceTree = "<group>"; };
		503672EB1AEFA8E200ADA3D8 /* AppDelegate.swift */ = {isa = PBXFileReference; lastKnownFileType = sourcecode.swift; path = AppDelegate.swift; sourceTree = "<group>"; };
		503672ED1AEFA8E200ADA3D8 /* ViewController.swift */ = {isa = PBXFileReference; lastKnownFileType = sourcecode.swift; path = ViewController.swift; sourceTree = "<group>"; };
		503672F01AEFA8E200ADA3D8 /* Base */ = {isa = PBXFileReference; lastKnownFileType = file.storyboard; name = Base; path = Base.lproj/Main.storyboard; sourceTree = "<group>"; };
		503672F21AEFA8E300ADA3D8 /* Images.xcassets */ = {isa = PBXFileReference; lastKnownFileType = folder.assetcatalog; path = Images.xcassets; sourceTree = "<group>"; };
		503672F51AEFA8E300ADA3D8 /* Base */ = {isa = PBXFileReference; lastKnownFileType = file.xib; name = Base; path = Base.lproj/LaunchScreen.xib; sourceTree = "<group>"; };
		503672FB1AEFA8E300ADA3D8 /* PollMobileTests.xctest */ = {isa = PBXFileReference; explicitFileType = wrapper.cfbundle; includeInIndex = 0; path = PollMobileTests.xctest; sourceTree = BUILT_PRODUCTS_DIR; };
		503673001AEFA8E300ADA3D8 /* Info.plist */ = {isa = PBXFileReference; lastKnownFileType = text.plist.xml; path = Info.plist; sourceTree = "<group>"; };
		503673011AEFA8E300ADA3D8 /* PollMobileTests.swift */ = {isa = PBXFileReference; lastKnownFileType = sourcecode.swift; path = PollMobileTests.swift; sourceTree = "<group>"; };
		5036730D1AF0D88200ADA3D8 /* AccountClient.swift */ = {isa = PBXFileReference; fileEncoding = 4; lastKnownFileType = sourcecode.swift; path = AccountClient.swift; sourceTree = "<group>"; };
		5036730F1AF0D8B300ADA3D8 /* BaseRestClient.swift */ = {isa = PBXFileReference; fileEncoding = 4; lastKnownFileType = sourcecode.swift; path = BaseRestClient.swift; sourceTree = "<group>"; };
		503673111AF0D9D500ADA3D8 /* ResponseEntity.swift */ = {isa = PBXFileReference; fileEncoding = 4; lastKnownFileType = sourcecode.swift; path = ResponseEntity.swift; sourceTree = "<group>"; };
		503673141AF606CF00ADA3D8 /* BaseEntity.swift */ = {isa = PBXFileReference; fileEncoding = 4; lastKnownFileType = sourcecode.swift; path = BaseEntity.swift; sourceTree = "<group>"; };
		503673161AF6091F00ADA3D8 /* Account.swift */ = {isa = PBXFileReference; fileEncoding = 4; lastKnownFileType = sourcecode.swift; path = Account.swift; sourceTree = "<group>"; };
		D2511CCAB3D0EA1006816002 /* Pods.debug.xcconfig */ = {isa = PBXFileReference; includeInIndex = 1; lastKnownFileType = text.xcconfig; name = Pods.debug.xcconfig; path = "Pods/Target Support Files/Pods/Pods.debug.xcconfig"; sourceTree = "<group>"; };
		F567135B197147B3F40D689D /* Pods.release.xcconfig */ = {isa = PBXFileReference; includeInIndex = 1; lastKnownFileType = text.xcconfig; name = Pods.release.xcconfig; path = "Pods/Target Support Files/Pods/Pods.release.xcconfig"; sourceTree = "<group>"; };
/* End PBXFileReference section */

/* Begin PBXFrameworksBuildPhase section */
		503672E31AEFA8E200ADA3D8 /* Frameworks */ = {
			isa = PBXFrameworksBuildPhase;
			buildActionMask = 2147483647;
			files = (
				F5C5F5942B771BBBA20B774E /* Pods.framework in Frameworks */,
			);
			runOnlyForDeploymentPostprocessing = 0;
		};
		503672F81AEFA8E300ADA3D8 /* Frameworks */ = {
			isa = PBXFrameworksBuildPhase;
			buildActionMask = 2147483647;
			files = (
			);
			runOnlyForDeploymentPostprocessing = 0;
		};
/* End PBXFrameworksBuildPhase section */

/* Begin PBXGroup section */
		50186E091AFF6231007B486D /* controllers */ = {
			isa = PBXGroup;
			children = (
				503672ED1AEFA8E200ADA3D8 /* ViewController.swift */,
				50186E0C1AFF6400007B486D /* MainViewController.swift */,
				50186E0E1B023127007B486D /* MainTabBarViewController.swift */,
				50186E101B04B731007B486D /* MainPollsViewController.swift */,
				35FDD6FB1B1D281000AD937C /* CreateSurveyViewController.swift */,
				35FD6D1E1B21CCD1009C838C /* CreateQuestionViewController.swift */,
				35FD6D241B2267F5009C838C /* UserViewController.swift */,
			);
			name = controllers;
			sourceTree = "<group>";
		};
		50186E181B0A0F8B007B486D /* views */ = {
			isa = PBXGroup;
			children = (
				50186E191B0A0FAA007B486D /* MainCellView.swift */,
				50186E1B1B0A10CD007B486D /* MainTableViewCell.swift */,
				35FD6D1A1B1EAB99009C838C /* PollAccessoryView.xib */,
				35FD6D1C1B1EAC36009C838C /* PollAccessoryView.swift */,
				35FD6D221B21DA15009C838C /* QuestionTableViewCell.swift */,
			);
			name = views;
			sourceTree = "<group>";
		};
		503672DD1AEFA8E200ADA3D8 = {
			isa = PBXGroup;
			children = (
				503672E81AEFA8E200ADA3D8 /* PollMobile */,
				503672FE1AEFA8E300ADA3D8 /* PollMobileTests */,
				503672E71AEFA8E200ADA3D8 /* Products */,
				F7928CD3D79AD47A0812ECB9 /* Pods */,
				BCC9FA4E513901FF265BD3C9 /* Frameworks */,
			);
			sourceTree = "<group>";
		};
		503672E71AEFA8E200ADA3D8 /* Products */ = {
			isa = PBXGroup;
			children = (
				503672E61AEFA8E200ADA3D8 /* PollMobile.app */,
				503672FB1AEFA8E300ADA3D8 /* PollMobileTests.xctest */,
			);
			name = Products;
			sourceTree = "<group>";
		};
		503672E81AEFA8E200ADA3D8 /* PollMobile */ = {
			isa = PBXGroup;
			children = (
				50186E181B0A0F8B007B486D /* views */,
				50186E091AFF6231007B486D /* controllers */,
				5036730B1AEFB54000ADA3D8 /* model */,
				503672EF1AEFA8E200ADA3D8 /* Main.storyboard */,
				503672E91AEFA8E200ADA3D8 /* Supporting Files */,
			);
			path = PollMobile;
			sourceTree = "<group>";
		};
		503672E91AEFA8E200ADA3D8 /* Supporting Files */ = {
			isa = PBXGroup;
			children = (
				503672EB1AEFA8E200ADA3D8 /* AppDelegate.swift */,
				503672F21AEFA8E300ADA3D8 /* Images.xcassets */,
				503672F41AEFA8E300ADA3D8 /* LaunchScreen.xib */,
				503672EA1AEFA8E200ADA3D8 /* Info.plist */,
			);
			name = "Supporting Files";
			sourceTree = "<group>";
		};
		503672FE1AEFA8E300ADA3D8 /* PollMobileTests */ = {
			isa = PBXGroup;
			children = (
				503673011AEFA8E300ADA3D8 /* PollMobileTests.swift */,
				503672FF1AEFA8E300ADA3D8 /* Supporting Files */,
			);
			path = PollMobileTests;
			sourceTree = "<group>";
		};
		503672FF1AEFA8E300ADA3D8 /* Supporting Files */ = {
			isa = PBXGroup;
			children = (
				503673001AEFA8E300ADA3D8 /* Info.plist */,
			);
			name = "Supporting Files";
			sourceTree = "<group>";
		};
		5036730B1AEFB54000ADA3D8 /* model */ = {
			isa = PBXGroup;
			children = (
				503673131AF606B900ADA3D8 /* entities */,
				5036730C1AEFB54800ADA3D8 /* rest */,
			);
			name = model;
			sourceTree = "<group>";
		};
		5036730C1AEFB54800ADA3D8 /* rest */ = {
			isa = PBXGroup;
			children = (
				5036730D1AF0D88200ADA3D8 /* AccountClient.swift */,
				5036730F1AF0D8B300ADA3D8 /* BaseRestClient.swift */,
				503673111AF0D9D500ADA3D8 /* ResponseEntity.swift */,
				50186E121B04B8DD007B486D /* PollClient.swift */,
			);
			name = rest;
			sourceTree = "<group>";
		};
		503673131AF606B900ADA3D8 /* entities */ = {
			isa = PBXGroup;
			children = (
				503673141AF606CF00ADA3D8 /* BaseEntity.swift */,
				503673161AF6091F00ADA3D8 /* Account.swift */,
				50186E141B04D36E007B486D /* Poll.swift */,
				50186E161B04D52E007B486D /* PollCategory.swift */,
				35FD6D201B21D364009C838C /* Question.swift */,
			);
			name = entities;
			sourceTree = "<group>";
		};
		BCC9FA4E513901FF265BD3C9 /* Frameworks */ = {
			isa = PBXGroup;
			children = (
				09E1A8E32E0A503F77032DD5 /* Pods.framework */,
			);
			name = Frameworks;
			sourceTree = "<group>";
		};
		F7928CD3D79AD47A0812ECB9 /* Pods */ = {
			isa = PBXGroup;
			children = (
				D2511CCAB3D0EA1006816002 /* Pods.debug.xcconfig */,
				F567135B197147B3F40D689D /* Pods.release.xcconfig */,
			);
			name = Pods;
			sourceTree = "<group>";
		};
/* End PBXGroup section */

/* Begin PBXNativeTarget section */
		503672E51AEFA8E200ADA3D8 /* PollMobile */ = {
			isa = PBXNativeTarget;
			buildConfigurationList = 503673051AEFA8E300ADA3D8 /* Build configuration list for PBXNativeTarget "PollMobile" */;
			buildPhases = (
				274374C74BB89FAA0E18B569 /* Check Pods Manifest.lock */,
				503672E21AEFA8E200ADA3D8 /* Sources */,
				503672E31AEFA8E200ADA3D8 /* Frameworks */,
				503672E41AEFA8E200ADA3D8 /* Resources */,
				38AA0D626BFF55303529D64D /* Embed Pods Frameworks */,
				6CEA6367D82B57DA0DE1B78E /* Copy Pods Resources */,
			);
			buildRules = (
			);
			dependencies = (
			);
			name = PollMobile;
			productName = PollMobile;
			productReference = 503672E61AEFA8E200ADA3D8 /* PollMobile.app */;
			productType = "com.apple.product-type.application";
		};
		503672FA1AEFA8E300ADA3D8 /* PollMobileTests */ = {
			isa = PBXNativeTarget;
			buildConfigurationList = 503673081AEFA8E300ADA3D8 /* Build configuration list for PBXNativeTarget "PollMobileTests" */;
			buildPhases = (
				503672F71AEFA8E300ADA3D8 /* Sources */,
				503672F81AEFA8E300ADA3D8 /* Frameworks */,
				503672F91AEFA8E300ADA3D8 /* Resources */,
			);
			buildRules = (
			);
			dependencies = (
				503672FD1AEFA8E300ADA3D8 /* PBXTargetDependency */,
			);
			name = PollMobileTests;
			productName = PollMobileTests;
			productReference = 503672FB1AEFA8E300ADA3D8 /* PollMobileTests.xctest */;
			productType = "com.apple.product-type.bundle.unit-test";
		};
/* End PBXNativeTarget section */

/* Begin PBXProject section */
		503672DE1AEFA8E200ADA3D8 /* Project object */ = {
			isa = PBXProject;
			attributes = {
				LastUpgradeCheck = 0630;
				ORGANIZATIONNAME = com.asoft;
				TargetAttributes = {
					503672E51AEFA8E200ADA3D8 = {
						CreatedOnToolsVersion = 6.3.1;
						DevelopmentTeam = MB48LP8C4G;
					};
					503672FA1AEFA8E300ADA3D8 = {
						CreatedOnToolsVersion = 6.3.1;
						TestTargetID = 503672E51AEFA8E200ADA3D8;
					};
				};
			};
			buildConfigurationList = 503672E11AEFA8E200ADA3D8 /* Build configuration list for PBXProject "PollMobile" */;
			compatibilityVersion = "Xcode 3.2";
			developmentRegion = English;
			hasScannedForEncodings = 0;
			knownRegions = (
				en,
				Base,
			);
			mainGroup = 503672DD1AEFA8E200ADA3D8;
			productRefGroup = 503672E71AEFA8E200ADA3D8 /* Products */;
			projectDirPath = "";
			projectRoot = "";
			targets = (
				503672E51AEFA8E200ADA3D8 /* PollMobile */,
				503672FA1AEFA8E300ADA3D8 /* PollMobileTests */,
			);
		};
/* End PBXProject section */

/* Begin PBXResourcesBuildPhase section */
		503672E41AEFA8E200ADA3D8 /* Resources */ = {
			isa = PBXResourcesBuildPhase;
			buildActionMask = 2147483647;
			files = (
				35FD6D1B1B1EAB99009C838C /* PollAccessoryView.xib in Resources */,
				503672F11AEFA8E200ADA3D8 /* Main.storyboard in Resources */,
				503672F61AEFA8E300ADA3D8 /* LaunchScreen.xib in Resources */,
				503672F31AEFA8E300ADA3D8 /* Images.xcassets in Resources */,
			);
			runOnlyForDeploymentPostprocessing = 0;
		};
		503672F91AEFA8E300ADA3D8 /* Resources */ = {
			isa = PBXResourcesBuildPhase;
			buildActionMask = 2147483647;
			files = (
			);
			runOnlyForDeploymentPostprocessing = 0;
		};
/* End PBXResourcesBuildPhase section */

/* Begin PBXShellScriptBuildPhase section */
		274374C74BB89FAA0E18B569 /* Check Pods Manifest.lock */ = {
			isa = PBXShellScriptBuildPhase;
			buildActionMask = 2147483647;
			files = (
			);
			inputPaths = (
			);
			name = "Check Pods Manifest.lock";
			outputPaths = (
			);
			runOnlyForDeploymentPostprocessing = 0;
			shellPath = /bin/sh;
			shellScript = "diff \"${PODS_ROOT}/../Podfile.lock\" \"${PODS_ROOT}/Manifest.lock\" > /dev/null\nif [[ $? != 0 ]] ; then\n    cat << EOM\nerror: The sandbox is not in sync with the Podfile.lock. Run 'pod install' or update your CocoaPods installation.\nEOM\n    exit 1\nfi\n";
			showEnvVarsInLog = 0;
		};
		38AA0D626BFF55303529D64D /* Embed Pods Frameworks */ = {
			isa = PBXShellScriptBuildPhase;
			buildActionMask = 2147483647;
			files = (
			);
			inputPaths = (
			);
			name = "Embed Pods Frameworks";
			outputPaths = (
			);
			runOnlyForDeploymentPostprocessing = 0;
			shellPath = /bin/sh;
			shellScript = "\"${SRCROOT}/Pods/Target Support Files/Pods/Pods-frameworks.sh\"\n";
			showEnvVarsInLog = 0;
		};
		6CEA6367D82B57DA0DE1B78E /* Copy Pods Resources */ = {
			isa = PBXShellScriptBuildPhase;
			buildActionMask = 2147483647;
			files = (
			);
			inputPaths = (
			);
			name = "Copy Pods Resources";
			outputPaths = (
			);
			runOnlyForDeploymentPostprocessing = 0;
			shellPath = /bin/sh;
			shellScript = "\"${SRCROOT}/Pods/Target Support Files/Pods/Pods-resources.sh\"\n";
			showEnvVarsInLog = 0;
		};
/* End PBXShellScriptBuildPhase section */

/* Begin PBXSourcesBuildPhase section */
		503672E21AEFA8E200ADA3D8 /* Sources */ = {
			isa = PBXSourcesBuildPhase;
			buildActionMask = 2147483647;
			files = (
				50186E131B04B8DD007B486D /* PollClient.swift in Sources */,
				35FD6D231B21DA15009C838C /* QuestionTableViewCell.swift in Sources */,
				50186E111B04B731007B486D /* MainPollsViewController.swift in Sources */,
				503673121AF0D9D500ADA3D8 /* ResponseEntity.swift in Sources */,
				50186E171B04D52E007B486D /* PollCategory.swift in Sources */,
				50186E1C1B0A10CD007B486D /* MainTableViewCell.swift in Sources */,
				503673151AF606CF00ADA3D8 /* BaseEntity.swift in Sources */,
				35FD6D251B2267F5009C838C /* UserViewController.swift in Sources */,
				50186E151B04D36E007B486D /* Poll.swift in Sources */,
				5036730E1AF0D88200ADA3D8 /* AccountClient.swift in Sources */,
				50186E1A1B0A0FAA007B486D /* MainCellView.swift in Sources */,
				35FDD6FC1B1D281000AD937C /* CreateSurveyViewController.swift in Sources */,
				35FD6D1F1B21CCD1009C838C /* CreateQuestionViewController.swift in Sources */,
				50186E0F1B023127007B486D /* MainTabBarViewController.swift in Sources */,
				35FD6D1D1B1EAC36009C838C /* PollAccessoryView.swift in Sources */,
				35FD6D211B21D364009C838C /* Question.swift in Sources */,
				503672EE1AEFA8E200ADA3D8 /* ViewController.swift in Sources */,
				503672EC1AEFA8E200ADA3D8 /* AppDelegate.swift in Sources */,
				503673101AF0D8B300ADA3D8 /* BaseRestClient.swift in Sources */,
				503673171AF6091F00ADA3D8 /* Account.swift in Sources */,
				50186E0D1AFF6400007B486D /* MainViewController.swift in Sources */,
			);
			runOnlyForDeploymentPostprocessing = 0;
		};
		503672F71AEFA8E300ADA3D8 /* Sources */ = {
			isa = PBXSourcesBuildPhase;
			buildActionMask = 2147483647;
			files = (
				503673021AEFA8E300ADA3D8 /* PollMobileTests.swift in Sources */,
			);
			runOnlyForDeploymentPostprocessing = 0;
		};
/* End PBXSourcesBuildPhase section */

/* Begin PBXTargetDependency section */
		503672FD1AEFA8E300ADA3D8 /* PBXTargetDependency */ = {
			isa = PBXTargetDependency;
			target = 503672E51AEFA8E200ADA3D8 /* PollMobile */;
			targetProxy = 503672FC1AEFA8E300ADA3D8 /* PBXContainerItemProxy */;
		};
/* End PBXTargetDependency section */

/* Begin PBXVariantGroup section */
		503672EF1AEFA8E200ADA3D8 /* Main.storyboard */ = {
			isa = PBXVariantGroup;
			children = (
				503672F01AEFA8E200ADA3D8 /* Base */,
			);
			name = Main.storyboard;
			sourceTree = "<group>";
		};
		503672F41AEFA8E300ADA3D8 /* LaunchScreen.xib */ = {
			isa = PBXVariantGroup;
			children = (
				503672F51AEFA8E300ADA3D8 /* Base */,
			);
			name = LaunchScreen.xib;
			sourceTree = "<group>";
		};
/* End PBXVariantGroup section */

/* Begin XCBuildConfiguration section */
		503673031AEFA8E300ADA3D8 /* Debug */ = {
			isa = XCBuildConfiguration;
			buildSettings = {
				ALWAYS_SEARCH_USER_PATHS = NO;
				CLANG_CXX_LANGUAGE_STANDARD = "gnu++0x";
				CLANG_CXX_LIBRARY = "libc++";
				CLANG_ENABLE_MODULES = YES;
				CLANG_ENABLE_OBJC_ARC = YES;
				CLANG_WARN_BOOL_CONVERSION = YES;
				CLANG_WARN_CONSTANT_CONVERSION = YES;
				CLANG_WARN_DIRECT_OBJC_ISA_USAGE = YES_ERROR;
				CLANG_WARN_EMPTY_BODY = YES;
				CLANG_WARN_ENUM_CONVERSION = YES;
				CLANG_WARN_INT_CONVERSION = YES;
				CLANG_WARN_OBJC_ROOT_CLASS = YES_ERROR;
				CLANG_WARN_UNREACHABLE_CODE = YES;
				CLANG_WARN__DUPLICATE_METHOD_MATCH = YES;
				"CODE_SIGN_IDENTITY[sdk=iphoneos*]" = "iPhone Developer";
				COPY_PHASE_STRIP = NO;
				DEBUG_INFORMATION_FORMAT = "dwarf-with-dsym";
				ENABLE_STRICT_OBJC_MSGSEND = YES;
				GCC_C_LANGUAGE_STANDARD = gnu99;
				GCC_DYNAMIC_NO_PIC = NO;
				GCC_NO_COMMON_BLOCKS = YES;
				GCC_OPTIMIZATION_LEVEL = 0;
				GCC_PREPROCESSOR_DEFINITIONS = (
					"DEBUG=1",
					"$(inherited)",
				);
				GCC_SYMBOLS_PRIVATE_EXTERN = NO;
				GCC_WARN_64_TO_32_BIT_CONVERSION = YES;
				GCC_WARN_ABOUT_RETURN_TYPE = YES_ERROR;
				GCC_WARN_UNDECLARED_SELECTOR = YES;
				GCC_WARN_UNINITIALIZED_AUTOS = YES_AGGRESSIVE;
				GCC_WARN_UNUSED_FUNCTION = YES;
				GCC_WARN_UNUSED_VARIABLE = YES;
				IPHONEOS_DEPLOYMENT_TARGET = 8.3;
				MTL_ENABLE_DEBUG_INFO = YES;
				ONLY_ACTIVE_ARCH = YES;
				SDKROOT = iphoneos;
				SWIFT_OPTIMIZATION_LEVEL = "-Onone";
			};
			name = Debug;
		};
		503673041AEFA8E300ADA3D8 /* Release */ = {
			isa = XCBuildConfiguration;
			buildSettings = {
				ALWAYS_SEARCH_USER_PATHS = NO;
				CLANG_CXX_LANGUAGE_STANDARD = "gnu++0x";
				CLANG_CXX_LIBRARY = "libc++";
				CLANG_ENABLE_MODULES = YES;
				CLANG_ENABLE_OBJC_ARC = YES;
				CLANG_WARN_BOOL_CONVERSION = YES;
				CLANG_WARN_CONSTANT_CONVERSION = YES;
				CLANG_WARN_DIRECT_OBJC_ISA_USAGE = YES_ERROR;
				CLANG_WARN_EMPTY_BODY = YES;
				CLANG_WARN_ENUM_CONVERSION = YES;
				CLANG_WARN_INT_CONVERSION = YES;
				CLANG_WARN_OBJC_ROOT_CLASS = YES_ERROR;
				CLANG_WARN_UNREACHABLE_CODE = YES;
				CLANG_WARN__DUPLICATE_METHOD_MATCH = YES;
				"CODE_SIGN_IDENTITY[sdk=iphoneos*]" = "iPhone Developer";
				COPY_PHASE_STRIP = NO;
				DEBUG_INFORMATION_FORMAT = "dwarf-with-dsym";
				ENABLE_NS_ASSERTIONS = NO;
				ENABLE_STRICT_OBJC_MSGSEND = YES;
				GCC_C_LANGUAGE_STANDARD = gnu99;
				GCC_NO_COMMON_BLOCKS = YES;
				GCC_WARN_64_TO_32_BIT_CONVERSION = YES;
				GCC_WARN_ABOUT_RETURN_TYPE = YES_ERROR;
				GCC_WARN_UNDECLARED_SELECTOR = YES;
				GCC_WARN_UNINITIALIZED_AUTOS = YES_AGGRESSIVE;
				GCC_WARN_UNUSED_FUNCTION = YES;
				GCC_WARN_UNUSED_VARIABLE = YES;
				IPHONEOS_DEPLOYMENT_TARGET = 8.3;
				MTL_ENABLE_DEBUG_INFO = NO;
				SDKROOT = iphoneos;
				VALIDATE_PRODUCT = YES;
			};
			name = Release;
		};
		503673061AEFA8E300ADA3D8 /* Debug */ = {
			isa = XCBuildConfiguration;
			baseConfigurationReference = D2511CCAB3D0EA1006816002 /* Pods.debug.xcconfig */;
			buildSettings = {
				ASSETCATALOG_COMPILER_APPICON_NAME = AppIcon;
				CODE_SIGN_IDENTITY = "iPhone Developer";
				"CODE_SIGN_IDENTITY[sdk=iphoneos*]" = "iPhone Developer";
				INFOPLIST_FILE = PollMobile/Info.plist;
				IPHONEOS_DEPLOYMENT_TARGET = 8.0;
				LD_RUNPATH_SEARCH_PATHS = "$(inherited) @executable_path/Frameworks";
				PRODUCT_NAME = "$(TARGET_NAME)";
				PROVISIONING_PROFILE = "";
			};
			name = Debug;
		};
		503673071AEFA8E300ADA3D8 /* Release */ = {
			isa = XCBuildConfiguration;
			baseConfigurationReference = F567135B197147B3F40D689D /* Pods.release.xcconfig */;
			buildSettings = {
				ASSETCATALOG_COMPILER_APPICON_NAME = AppIcon;
				CODE_SIGN_IDENTITY = "iPhone Developer";
				"CODE_SIGN_IDENTITY[sdk=iphoneos*]" = "iPhone Developer";
				INFOPLIST_FILE = PollMobile/Info.plist;
				IPHONEOS_DEPLOYMENT_TARGET = 8.0;
				LD_RUNPATH_SEARCH_PATHS = "$(inherited) @executable_path/Frameworks";
				PRODUCT_NAME = "$(TARGET_NAME)";
				PROVISIONING_PROFILE = "";
			};
			name = Release;
		};
		503673091AEFA8E300ADA3D8 /* Debug */ = {
			isa = XCBuildConfiguration;
			buildSettings = {
				BUNDLE_LOADER = "$(TEST_HOST)";
				FRAMEWORK_SEARCH_PATHS = (
					"$(SDKROOT)/Developer/Library/Frameworks",
					"$(inherited)",
				);
				GCC_PREPROCESSOR_DEFINITIONS = (
					"DEBUG=1",
					"$(inherited)",
				);
				INFOPLIST_FILE = PollMobileTests/Info.plist;
				LD_RUNPATH_SEARCH_PATHS = "$(inherited) @executable_path/Frameworks @loader_path/Frameworks";
				PRODUCT_NAME = "$(TARGET_NAME)";
				TEST_HOST = "$(BUILT_PRODUCTS_DIR)/PollMobile.app/PollMobile";
			};
			name = Debug;
		};
		5036730A1AEFA8E300ADA3D8 /* Release */ = {
			isa = XCBuildConfiguration;
			buildSettings = {
				BUNDLE_LOADER = "$(TEST_HOST)";
				FRAMEWORK_SEARCH_PATHS = (
					"$(SDKROOT)/Developer/Library/Frameworks",
					"$(inherited)",
				);
				INFOPLIST_FILE = PollMobileTests/Info.plist;
				LD_RUNPATH_SEARCH_PATHS = "$(inherited) @executable_path/Frameworks @loader_path/Frameworks";
				PRODUCT_NAME = "$(TARGET_NAME)";
				TEST_HOST = "$(BUILT_PRODUCTS_DIR)/PollMobile.app/PollMobile";
			};
			name = Release;
		};
/* End XCBuildConfiguration section */

/* Begin XCConfigurationList section */
		503672E11AEFA8E200ADA3D8 /* Build configuration list for PBXProject "PollMobile" */ = {
			isa = XCConfigurationList;
			buildConfigurations = (
				503673031AEFA8E300ADA3D8 /* Debug */,
				503673041AEFA8E300ADA3D8 /* Release */,
			);
			defaultConfigurationIsVisible = 0;
			defaultConfigurationName = Release;
		};
		503673051AEFA8E300ADA3D8 /* Build configuration list for PBXNativeTarget "PollMobile" */ = {
			isa = XCConfigurationList;
			buildConfigurations = (
				503673061AEFA8E300ADA3D8 /* Debug */,
				503673071AEFA8E300ADA3D8 /* Release */,
			);
			defaultConfigurationIsVisible = 0;
			defaultConfigurationName = Release;
		};
		503673081AEFA8E300ADA3D8 /* Build configuration list for PBXNativeTarget "PollMobileTests" */ = {
			isa = XCConfigurationList;
			buildConfigurations = (
				503673091AEFA8E300ADA3D8 /* Debug */,
				5036730A1AEFA8E300ADA3D8 /* Release */,
			);
			defaultConfigurationIsVisible = 0;
			defaultConfigurationName = Release;
		};
/* End XCConfigurationList section */
	};
	rootObject = 503672DE1AEFA8E200ADA3D8 /* Project object */;
}
